
Microsoft Visual Studio Solution File, Format Version 12.00
# Visual Studio Version 17
VisualStudioVersion = 17.14.36310.24
MinimumVisualStudioVersion = 10.0.40219.1
Project("{FAE04EC0-301F-11D3-BF4B-00C04F79EFBC}") = "Sohan.App", "src\Sohan.App\Sohan.App.csproj", "{73C323DE-A8F0-F172-FB08-0CF6E976615A}"
EndProject
Project("{2150E333-8FDC-42A3-9474-1A3956D46DE8}") = "src", "src", "{02EA681E-C7D8-13C7-8484-4AC65E1B71E8}"
EndProject
Project("{2150E333-8FDC-42A3-9474-1A3956D46DE8}") = "Sohan.Theme", "Sohan.Theme", "{CCCD8DF8-B4A5-4D87-85EF-5D1C982F341A}"
EndProject
Project("{FAE04EC0-301F-11D3-BF4B-00C04F79EFBC}") = "Sohan.Admin.Theme", "src\Sohan.Admin.Theme\Sohan.Admin.Theme.csproj", "{132EF392-9B5D-4B91-A98D-75A0C7F62A9F}"
EndProject
Project("{FAE04EC0-301F-11D3-BF4B-00C04F79EFBC}") = "Sohan.Client.Theme", "src\Sohan.Client.Theme\Sohan.Client.Theme.csproj", "{6E6BB283-7338-453B-8EF6-8B914883B335}"
EndProject
Project("{2150E333-8FDC-42A3-9474-1A3956D46DE8}") = "Sohan.Modules", "Sohan.Modules", "{92F51C50-25AA-4F04-BB4A-46CBA3989C82}"
EndProject
Global
	GlobalSection(SolutionConfigurationPlatforms) = preSolution
		Debug|Any CPU = Debug|Any CPU
		Release|Any CPU = Release|Any CPU
	EndGlobalSection
	GlobalSection(ProjectConfigurationPlatforms) = postSolution
		{73C323DE-A8F0-F172-FB08-0CF6E976615A}.Debug|Any CPU.ActiveCfg = Debug|Any CPU
		{73C323DE-A8F0-F172-FB08-0CF6E976615A}.Debug|Any CPU.Build.0 = Debug|Any CPU
		{73C323DE-A8F0-F172-FB08-0CF6E976615A}.Release|Any CPU.ActiveCfg = Release|Any CPU
		{73C323DE-A8F0-F172-FB08-0CF6E976615A}.Release|Any CPU.Build.0 = Release|Any CPU
		{132EF392-9B5D-4B91-A98D-75A0C7F62A9F}.Debug|Any CPU.ActiveCfg = Debug|Any CPU
		{132EF392-9B5D-4B91-A98D-75A0C7F62A9F}.Debug|Any CPU.Build.0 = Debug|Any CPU
		{132EF392-9B5D-4B91-A98D-75A0C7F62A9F}.Release|Any CPU.ActiveCfg = Release|Any CPU
		{132EF392-9B5D-4B91-A98D-75A0C7F62A9F}.Release|Any CPU.Build.0 = Release|Any CPU
		{6E6BB283-7338-453B-8EF6-8B914883B335}.Debug|Any CPU.ActiveCfg = Debug|Any CPU
		{6E6BB283-7338-453B-8EF6-8B914883B335}.Debug|Any CPU.Build.0 = Debug|Any CPU
		{6E6BB283-7338-453B-8EF6-8B914883B335}.Release|Any CPU.ActiveCfg = Release|Any CPU
		{6E6BB283-7338-453B-8EF6-8B914883B335}.Release|Any CPU.Build.0 = Release|Any CPU
	EndGlobalSection
	GlobalSection(SolutionProperties) = preSolution
		HideSolutionNode = FALSE
	EndGlobalSection
	GlobalSection(NestedProjects) = preSolution
		{73C323DE-A8F0-F172-FB08-0CF6E976615A} = {02EA681E-C7D8-13C7-8484-4AC65E1B71E8}
		{CCCD8DF8-B4A5-4D87-85EF-5D1C982F341A} = {02EA681E-C7D8-13C7-8484-4AC65E1B71E8}
		{132EF392-9B5D-4B91-A98D-75A0C7F62A9F} = {CCCD8DF8-B4A5-4D87-85EF-5D1C982F341A}
		{6E6BB283-7338-453B-8EF6-8B914883B335} = {CCCD8DF8-B4A5-4D87-85EF-5D1C982F341A}
		{92F51C50-25AA-4F04-BB4A-46CBA3989C82} = {02EA681E-C7D8-13C7-8484-4AC65E1B71E8}
	EndGlobalSection
	GlobalSection(ExtensibilityGlobals) = postSolution
		SolutionGuid = {D3C45001-10FC-4697-95CF-F8158E465F43}
	EndGlobalSection
EndGlobal
